
Microsoft Visual Studio Solution File, Format Version 12.00
# Visual Studio Version 17
VisualStudioVersion = 17.9.34723.18
MinimumVisualStudioVersion = 10.0.40219.1
Project("{FAE04EC0-301F-11D3-BF4B-00C04F79EFBC}") = "Overerven", "Overerven\Overerven.csproj", "{33C4130D-AFE1-424A-9EF4-B83CE5C3A420}"
EndProject
Global
	GlobalSection(SolutionConfigurationPlatforms) = preSolution
		Debug|Any CPU = Debug|Any CPU
		Release|Any CPU = Release|Any CPU
	EndGlobalSection
	GlobalSection(ProjectConfigurationPlatforms) = postSolution
		{33C4130D-AFE1-424A-9EF4-B83CE5C3A420}.Debug|Any CPU.ActiveCfg = Debug|Any CPU
		{33C4130D-AFE1-424A-9EF4-B83CE5C3A420}.Debug|Any CPU.Build.0 = Debug|Any CPU
		{33C4130D-AFE1-424A-9EF4-B83CE5C3A420}.Release|Any CPU.ActiveCfg = Release|Any CPU
		{33C4130D-AFE1-424A-9EF4-B83CE5C3A420}.Release|Any CPU.Build.0 = Release|Any CPU
	EndGlobalSection
	GlobalSection(SolutionProperties) = preSolution
		HideSolutionNode = FALSE
	EndGlobalSection
	GlobalSection(ExtensibilityGlobals) = postSolution
		SolutionGuid = {2243DC28-718B-4A7C-A5DF-BA4D2D9B36B3}
	EndGlobalSection
EndGlobal
