
Microsoft Visual Studio Solution File, Format Version 12.00
# Visual Studio Version 17
VisualStudioVersion = 17.9.34723.18
MinimumVisualStudioVersion = 10.0.40219.1
Project("{FAE04EC0-301F-11D3-BF4B-00C04F79EFBC}") = "Swapper", "Swapper\Swapper.csproj", "{3E2A247C-E926-4DBD-8DE4-E072715F1EDB}"
EndProject
Project("{FAE04EC0-301F-11D3-BF4B-00C04F79EFBC}") = "Collections", "Collections\Collections.csproj", "{2E742E7C-64C8-45D3-A3EB-898FD4062474}"
EndProject
Project("{FAE04EC0-301F-11D3-BF4B-00C04F79EFBC}") = "Punten", "Punten\Punten.csproj", "{0B9BE65F-3D3F-4802-86DA-F906AACABE9C}"
EndProject
Global
	GlobalSection(SolutionConfigurationPlatforms) = preSolution
		Debug|Any CPU = Debug|Any CPU
		Release|Any CPU = Release|Any CPU
	EndGlobalSection
	GlobalSection(ProjectConfigurationPlatforms) = postSolution
		{3E2A247C-E926-4DBD-8DE4-E072715F1EDB}.Debug|Any CPU.ActiveCfg = Debug|Any CPU
		{3E2A247C-E926-4DBD-8DE4-E072715F1EDB}.Debug|Any CPU.Build.0 = Debug|Any CPU
		{3E2A247C-E926-4DBD-8DE4-E072715F1EDB}.Release|Any CPU.ActiveCfg = Release|Any CPU
		{3E2A247C-E926-4DBD-8DE4-E072715F1EDB}.Release|Any CPU.Build.0 = Release|Any CPU
		{2E742E7C-64C8-45D3-A3EB-898FD4062474}.Debug|Any CPU.ActiveCfg = Debug|Any CPU
		{2E742E7C-64C8-45D3-A3EB-898FD4062474}.Debug|Any CPU.Build.0 = Debug|Any CPU
		{2E742E7C-64C8-45D3-A3EB-898FD4062474}.Release|Any CPU.ActiveCfg = Release|Any CPU
		{2E742E7C-64C8-45D3-A3EB-898FD4062474}.Release|Any CPU.Build.0 = Release|Any CPU
		{0B9BE65F-3D3F-4802-86DA-F906AACABE9C}.Debug|Any CPU.ActiveCfg = Debug|Any CPU
		{0B9BE65F-3D3F-4802-86DA-F906AACABE9C}.Debug|Any CPU.Build.0 = Debug|Any CPU
		{0B9BE65F-3D3F-4802-86DA-F906AACABE9C}.Release|Any CPU.ActiveCfg = Release|Any CPU
		{0B9BE65F-3D3F-4802-86DA-F906AACABE9C}.Release|Any CPU.Build.0 = Release|Any CPU
	EndGlobalSection
	GlobalSection(SolutionProperties) = preSolution
		HideSolutionNode = FALSE
	EndGlobalSection
	GlobalSection(ExtensibilityGlobals) = postSolution
		SolutionGuid = {AC17276E-0E19-41A3-B429-89C39294DE98}
	EndGlobalSection
EndGlobal
