
Microsoft Visual Studio Solution File, Format Version 12.00
# Visual Studio Version 17
VisualStudioVersion = 17.9.34723.18
MinimumVisualStudioVersion = 10.0.40219.1
Project("{FAE04EC0-301F-11D3-BF4B-00C04F79EFBC}") = "TheFirm", "TheFirm\TheFirm.csproj", "{03CBD37A-5152-4F8F-AC57-0FDB80173279}"
EndProject
Global
	GlobalSection(SolutionConfigurationPlatforms) = preSolution
		Debug|Any CPU = Debug|Any CPU
		Release|Any CPU = Release|Any CPU
	EndGlobalSection
	GlobalSection(ProjectConfigurationPlatforms) = postSolution
		{03CBD37A-5152-4F8F-AC57-0FDB80173279}.Debug|Any CPU.ActiveCfg = Debug|Any CPU
		{03CBD37A-5152-4F8F-AC57-0FDB80173279}.Debug|Any CPU.Build.0 = Debug|Any CPU
		{03CBD37A-5152-4F8F-AC57-0FDB80173279}.Release|Any CPU.ActiveCfg = Release|Any CPU
		{03CBD37A-5152-4F8F-AC57-0FDB80173279}.Release|Any CPU.Build.0 = Release|Any CPU
	EndGlobalSection
	GlobalSection(SolutionProperties) = preSolution
		HideSolutionNode = FALSE
	EndGlobalSection
	GlobalSection(ExtensibilityGlobals) = postSolution
		SolutionGuid = {896AF24B-DD51-4AD4-8CFD-B0BB6FB9F6C7}
	EndGlobalSection
EndGlobal
